
Microsoft Visual Studio Solution File, Format Version 12.00
# Visual Studio Version 17
VisualStudioVersion = 17.10.35027.167
MinimumVisualStudioVersion = 10.0.40219.1
Project("{9A19103F-16F7-4668-BE54-9A1E7A4F7556}") = "APP_CHECKOUT", "App_Check_Out\APP_CHECKOUT.csproj", "{32A0AA33-5B73-41BE-93C5-00E8AF4484CA}"
EndProject
Global
	GlobalSection(SolutionConfigurationPlatforms) = preSolution
		Debug|Any CPU = Debug|Any CPU
		Release|Any CPU = Release|Any CPU
	EndGlobalSection
	GlobalSection(ProjectConfigurationPlatforms) = postSolution
		{32A0AA33-5B73-41BE-93C5-00E8AF4484CA}.Debug|Any CPU.ActiveCfg = Debug|Any CPU
		{32A0AA33-5B73-41BE-93C5-00E8AF4484CA}.Debug|Any CPU.Build.0 = Debug|Any CPU
		{32A0AA33-5B73-41BE-93C5-00E8AF4484CA}.Release|Any CPU.ActiveCfg = Release|Any CPU
		{32A0AA33-5B73-41BE-93C5-00E8AF4484CA}.Release|Any CPU.Build.0 = Release|Any CPU
	EndGlobalSection
	GlobalSection(SolutionProperties) = preSolution
		HideSolutionNode = FALSE
	EndGlobalSection
	GlobalSection(ExtensibilityGlobals) = postSolution
		SolutionGuid = {FD89810B-C7B1-4C7D-B152-270E2EBA3700}
	EndGlobalSection
EndGlobal
